
Microsoft Visual Studio Solution File, Format Version 12.00
# Visual Studio Version 17
VisualStudioVersion = 17.2.32519.379
MinimumVisualStudioVersion = 10.0.40219.1
Project("{9A19103F-16F7-4668-BE54-9A1E7A4F7556}") = "SU22_PRN221", "SU22_PRN221\SU22_PRN221.csproj", "{1540301D-28D8-4E37-8963-D553F0FC133B}"
EndProject
Global
	GlobalSection(SolutionConfigurationPlatforms) = preSolution
		Debug|Any CPU = Debug|Any CPU
		Release|Any CPU = Release|Any CPU
	EndGlobalSection
	GlobalSection(ProjectConfigurationPlatforms) = postSolution
		{1540301D-28D8-4E37-8963-D553F0FC133B}.Debug|Any CPU.ActiveCfg = Debug|Any CPU
		{1540301D-28D8-4E37-8963-D553F0FC133B}.Debug|Any CPU.Build.0 = Debug|Any CPU
		{1540301D-28D8-4E37-8963-D553F0FC133B}.Release|Any CPU.ActiveCfg = Release|Any CPU
		{1540301D-28D8-4E37-8963-D553F0FC133B}.Release|Any CPU.Build.0 = Release|Any CPU
	EndGlobalSection
	GlobalSection(SolutionProperties) = preSolution
		HideSolutionNode = FALSE
	EndGlobalSection
	GlobalSection(ExtensibilityGlobals) = postSolution
		SolutionGuid = {963CFAE4-09CB-4888-B2BA-D072D5B7B2E1}
	EndGlobalSection
EndGlobal
